// !$*UTF8*$!
{
	archiveVersion = 1;
	classes = {
	};
	objectVersion = 46;
	objects = {

/* Begin PBXBuildFile section */
		816134FA1E9983BB008CD138 /* ViewController2.swift in Sources */ = {isa = PBXBuildFile; fileRef = 816134F91E9983BB008CD138 /* ViewController2.swift */; };
		81822AC11E871E6000AA07D3 /* AppDelegate.swift in Sources */ = {isa = PBXBuildFile; fileRef = 81822AC01E871E6000AA07D3 /* AppDelegate.swift */; };
		81822AC31E871E6000AA07D3 /* ViewController.swift in Sources */ = {isa = PBXBuildFile; fileRef = 81822AC21E871E6000AA07D3 /* ViewController.swift */; };
		81822AC61E871E6100AA07D3 /* Main.storyboard in Resources */ = {isa = PBXBuildFile; fileRef = 81822AC41E871E6000AA07D3 /* Main.storyboard */; };
		81822AC81E871E6100AA07D3 /* Assets.xcassets in Resources */ = {isa = PBXBuildFile; fileRef = 81822AC71E871E6100AA07D3 /* Assets.xcassets */; };
		81822ACB1E871E6100AA07D3 /* LaunchScreen.storyboard in Resources */ = {isa = PBXBuildFile; fileRef = 81822AC91E871E6100AA07D3 /* LaunchScreen.storyboard */; };
		81822AD61E871E6100AA07D3 /* MiprimerproyectoTests.swift in Sources */ = {isa = PBXBuildFile; fileRef = 81822AD51E871E6100AA07D3 /* MiprimerproyectoTests.swift */; };
		81822AE11E871E6100AA07D3 /* MiprimerproyectoUITests.swift in Sources */ = {isa = PBXBuildFile; fileRef = 81822AE01E871E6100AA07D3 /* MiprimerproyectoUITests.swift */; };
		81822AEF1E8722EB00AA07D3 /* Storyboard2.storyboard in Resources */ = {isa = PBXBuildFile; fileRef = 81822AEE1E8722EB00AA07D3 /* Storyboard2.storyboard */; };
/* End PBXBuildFile section */

/* Begin PBXContainerItemProxy section */
		81822AD21E871E6100AA07D3 /* PBXContainerItemProxy */ = {
			isa = PBXContainerItemProxy;
			containerPortal = 81822AB51E871E5F00AA07D3 /* Project object */;
			proxyType = 1;
			remoteGlobalIDString = 81822ABC1E871E5F00AA07D3;
			remoteInfo = Miprimerproyecto;
		};
		81822ADD1E871E6100AA07D3 /* PBXContainerItemProxy */ = {
			isa = PBXContainerItemProxy;
			containerPortal = 81822AB51E871E5F00AA07D3 /* Project object */;
			proxyType = 1;
			remoteGlobalIDString = 81822ABC1E871E5F00AA07D3;
			remoteInfo = Miprimerproyecto;
		};
/* End PBXContainerItemProxy section */

/* Begin PBXFileReference section */
		816134F91E9983BB008CD138 /* ViewController2.swift */ = {isa = PBXFileReference; fileEncoding = 4; lastKnownFileType = sourcecode.swift; path = ViewController2.swift; sourceTree = "<group>"; };
		81822ABD1E871E6000AA07D3 /* Miprimerproyecto.app */ = {isa = PBXFileReference; explicitFileType = wrapper.application; includeInIndex = 0; path = Miprimerproyecto.app; sourceTree = BUILT_PRODUCTS_DIR; };
		81822AC01E871E6000AA07D3 /* AppDelegate.swift */ = {isa = PBXFileReference; lastKnownFileType = sourcecode.swift; path = AppDelegate.swift; sourceTree = "<group>"; };
		81822AC21E871E6000AA07D3 /* ViewController.swift */ = {isa = PBXFileReference; lastKnownFileType = sourcecode.swift; path = ViewController.swift; sourceTree = "<group>"; };
		81822AC51E871E6000AA07D3 /* Base */ = {isa = PBXFileReference; lastKnownFileType = file.storyboard; name = Base; path = Base.lproj/Main.storyboard; sourceTree = "<group>"; };
		81822AC71E871E6100AA07D3 /* Assets.xcassets */ = {isa = PBXFileReference; lastKnownFileType = folder.assetcatalog; path = Assets.xcassets; sourceTree = "<group>"; };
		81822ACA1E871E6100AA07D3 /* Base */ = {isa = PBXFileReference; lastKnownFileType = file.storyboard; name = Base; path = Base.lproj/LaunchScreen.storyboard; sourceTree = "<group>"; };
		81822ACC1E871E6100AA07D3 /* Info.plist */ = {isa = PBXFileReference; lastKnownFileType = text.plist.xml; path = Info.plist; sourceTree = "<group>"; };
		81822AD11E871E6100AA07D3 /* MiprimerproyectoTests.xctest */ = {isa = PBXFileReference; explicitFileType = wrapper.cfbundle; includeInIndex = 0; path = MiprimerproyectoTests.xctest; sourceTree = BUILT_PRODUCTS_DIR; };
		81822AD51E871E6100AA07D3 /* MiprimerproyectoTests.swift */ = {isa = PBXFileReference; lastKnownFileType = sourcecode.swift; path = MiprimerproyectoTests.swift; sourceTree = "<group>"; };
		81822AD71E871E6100AA07D3 /* Info.plist */ = {isa = PBXFileReference; lastKnownFileType = text.plist.xml; path = Info.plist; sourceTree = "<group>"; };
		81822ADC1E871E6100AA07D3 /* MiprimerproyectoUITests.xctest */ = {isa = PBXFileReference; explicitFileType = wrapper.cfbundle; includeInIndex = 0; path = MiprimerproyectoUITests.xctest; sourceTree = BUILT_PRODUCTS_DIR; };
		81822AE01E871E6100AA07D3 /* MiprimerproyectoUITests.swift */ = {isa = PBXFileReference; lastKnownFileType = sourcecode.swift; path = MiprimerproyectoUITests.swift; sourceTree = "<group>"; };
		81822AE21E871E6100AA07D3 /* Info.plist */ = {isa = PBXFileReference; lastKnownFileType = text.plist.xml; path = Info.plist; sourceTree = "<group>"; };
		81822AEE1E8722EB00AA07D3 /* Storyboard2.storyboard */ = {isa = PBXFileReference; fileEncoding = 4; lastKnownFileType = file.storyboard; path = Storyboard2.storyboard; sourceTree = "<group>"; };
/* End PBXFileReference section */

/* Begin PBXFrameworksBuildPhase section */
		81822ABA1E871E5F00AA07D3 /* Frameworks */ = {
			isa = PBXFrameworksBuildPhase;
			buildActionMask = 2147483647;
			files = (
			);
			runOnlyForDeploymentPostprocessing = 0;
		};
		81822ACE1E871E6100AA07D3 /* Frameworks */ = {
			isa = PBXFrameworksBuildPhase;
			buildActionMask = 2147483647;
			files = (
			);
			runOnlyForDeploymentPostprocessing = 0;
		};
		81822AD91E871E6100AA07D3 /* Frameworks */ = {
			isa = PBXFrameworksBuildPhase;
			buildActionMask = 2147483647;
			files = (
			);
			runOnlyForDeploymentPostprocessing = 0;
		};
/* End PBXFrameworksBuildPhase section */

/* Begin PBXGroup section */
		81822AB41E871E5E00AA07D3 = {
			isa = PBXGroup;
			children = (
				81822ABF1E871E6000AA07D3 /* Miprimerproyecto */,
				81822AD41E871E6100AA07D3 /* MiprimerproyectoTests */,
				81822ADF1E871E6100AA07D3 /* MiprimerproyectoUITests */,
				81822ABE1E871E6000AA07D3 /* Products */,
			);
			sourceTree = "<group>";
		};
		81822ABE1E871E6000AA07D3 /* Products */ = {
			isa = PBXGroup;
			children = (
				81822ABD1E871E6000AA07D3 /* Miprimerproyecto.app */,
				81822AD11E871E6100AA07D3 /* MiprimerproyectoTests.xctest */,
				81822ADC1E871E6100AA07D3 /* MiprimerproyectoUITests.xctest */,
			);
			name = Products;
			sourceTree = "<group>";
		};
		81822ABF1E871E6000AA07D3 /* Miprimerproyecto */ = {
			isa = PBXGroup;
			children = (
				81822AC01E871E6000AA07D3 /* AppDelegate.swift */,
				81822AC21E871E6000AA07D3 /* ViewController.swift */,
				81822AC41E871E6000AA07D3 /* Main.storyboard */,
				81822AC71E871E6100AA07D3 /* Assets.xcassets */,
				81822AC91E871E6100AA07D3 /* LaunchScreen.storyboard */,
				81822ACC1E871E6100AA07D3 /* Info.plist */,
				81822AEE1E8722EB00AA07D3 /* Storyboard2.storyboard */,
				816134F91E9983BB008CD138 /* ViewController2.swift */,
			);
			path = Miprimerproyecto;
			sourceTree = "<group>";
		};
		81822AD41E871E6100AA07D3 /* MiprimerproyectoTests */ = {
			isa = PBXGroup;
			children = (
				81822AD51E871E6100AA07D3 /* MiprimerproyectoTests.swift */,
				81822AD71E871E6100AA07D3 /* Info.plist */,
			);
			path = MiprimerproyectoTests;
			sourceTree = "<group>";
		};
		81822ADF1E871E6100AA07D3 /* MiprimerproyectoUITests */ = {
			isa = PBXGroup;
			children = (
				81822AE01E871E6100AA07D3 /* MiprimerproyectoUITests.swift */,
				81822AE21E871E6100AA07D3 /* Info.plist */,
			);
			path = MiprimerproyectoUITests;
			sourceTree = "<group>";
		};
/* End PBXGroup section */

/* Begin PBXNativeTarget section */
		81822ABC1E871E5F00AA07D3 /* Miprimerproyecto */ = {
			isa = PBXNativeTarget;
			buildConfigurationList = 81822AE51E871E6100AA07D3 /* Build configuration list for PBXNativeTarget "Miprimerproyecto" */;
			buildPhases = (
				81822AB91E871E5F00AA07D3 /* Sources */,
				81822ABA1E871E5F00AA07D3 /* Frameworks */,
				81822ABB1E871E5F00AA07D3 /* Resources */,
			);
			buildRules = (
			);
			dependencies = (
			);
			name = Miprimerproyecto;
			productName = Miprimerproyecto;
			productReference = 81822ABD1E871E6000AA07D3 /* Miprimerproyecto.app */;
			productType = "com.apple.product-type.application";
		};
		81822AD01E871E6100AA07D3 /* MiprimerproyectoTests */ = {
			isa = PBXNativeTarget;
			buildConfigurationList = 81822AE81E871E6100AA07D3 /* Build configuration list for PBXNativeTarget "MiprimerproyectoTests" */;
			buildPhases = (
				81822ACD1E871E6100AA07D3 /* Sources */,
				81822ACE1E871E6100AA07D3 /* Frameworks */,
				81822ACF1E871E6100AA07D3 /* Resources */,
			);
			buildRules = (
			);
			dependencies = (
				81822AD31E871E6100AA07D3 /* PBXTargetDependency */,
			);
			name = MiprimerproyectoTests;
			productName = MiprimerproyectoTests;
			productReference = 81822AD11E871E6100AA07D3 /* MiprimerproyectoTests.xctest */;
			productType = "com.apple.product-type.bundle.unit-test";
		};
		81822ADB1E871E6100AA07D3 /* MiprimerproyectoUITests */ = {
			isa = PBXNativeTarget;
			buildConfigurationList = 81822AEB1E871E6100AA07D3 /* Build configuration list for PBXNativeTarget "MiprimerproyectoUITests" */;
			buildPhases = (
				81822AD81E871E6100AA07D3 /* Sources */,
				81822AD91E871E6100AA07D3 /* Frameworks */,
				81822ADA1E871E6100AA07D3 /* Resources */,
			);
			buildRules = (
			);
			dependencies = (
				81822ADE1E871E6100AA07D3 /* PBXTargetDependency */,
			);
			name = MiprimerproyectoUITests;
			productName = MiprimerproyectoUITests;
			productReference = 81822ADC1E871E6100AA07D3 /* MiprimerproyectoUITests.xctest */;
			productType = "com.apple.product-type.bundle.ui-testing";
		};
/* End PBXNativeTarget section */

/* Begin PBXProject section */
		81822AB51E871E5F00AA07D3 /* Project object */ = {
			isa = PBXProject;
			attributes = {
				LastSwiftUpdateCheck = 0800;
				LastUpgradeCheck = 0800;
				ORGANIZATIONNAME = mac;
				TargetAttributes = {
					81822ABC1E871E5F00AA07D3 = {
						CreatedOnToolsVersion = 8.0;
						ProvisioningStyle = Automatic;
					};
					81822AD01E871E6100AA07D3 = {
						CreatedOnToolsVersion = 8.0;
						ProvisioningStyle = Automatic;
						TestTargetID = 81822ABC1E871E5F00AA07D3;
					};
					81822ADB1E871E6100AA07D3 = {
						CreatedOnToolsVersion = 8.0;
						ProvisioningStyle = Automatic;
						TestTargetID = 81822ABC1E871E5F00AA07D3;
					};
				};
			};
			buildConfigurationList = 81822AB81E871E5F00AA07D3 /* Build configuration list for PBXProject "Miprimerproyecto" */;
			compatibilityVersion = "Xcode 3.2";
			developmentRegion = English;
			hasScannedForEncodings = 0;
			knownRegions = (
				en,
				Base,
			);
			mainGroup = 81822AB41E871E5E00AA07D3;
			productRefGroup = 81822ABE1E871E6000AA07D3 /* Products */;
			projectDirPath = "";
			projectRoot = "";
			targets = (
				81822ABC1E871E5F00AA07D3 /* Miprimerproyecto */,
				81822AD01E871E6100AA07D3 /* MiprimerproyectoTests */,
				81822ADB1E871E6100AA07D3 /* MiprimerproyectoUITests */,
			);
		};
/* End PBXProject section */

/* Begin PBXResourcesBuildPhase section */
		81822ABB1E871E5F00AA07D3 /* Resources */ = {
			isa = PBXResourcesBuildPhase;
			buildActionMask = 2147483647;
			files = (
				81822AEF1E8722EB00AA07D3 /* Storyboard2.storyboard in Resources */,
				81822ACB1E871E6100AA07D3 /* LaunchScreen.storyboard in Resources */,
				81822AC81E871E6100AA07D3 /* Assets.xcassets in Resources */,
				81822AC61E871E6100AA07D3 /* Main.storyboard in Resources */,
			);
			runOnlyForDeploymentPostprocessing = 0;
		};
		81822ACF1E871E6100AA07D3 /* Resources */ = {
			isa = PBXResourcesBuildPhase;
			buildActionMask = 2147483647;
			files = (
			);
			runOnlyForDeploymentPostprocessing = 0;
		};
		81822ADA1E871E6100AA07D3 /* Resources */ = {
			isa = PBXResourcesBuildPhase;
			buildActionMask = 2147483647;
			files = (
			);
			runOnlyForDeploymentPostprocessing = 0;
		};
/* End PBXResourcesBuildPhase section */

/* Begin PBXSourcesBuildPhase section */
		81822AB91E871E5F00AA07D3 /* Sources */ = {
			isa = PBXSourcesBuildPhase;
			buildActionMask = 2147483647;
			files = (
				81822AC31E871E6000AA07D3 /* ViewController.swift in Sources */,
				81822AC11E871E6000AA07D3 /* AppDelegate.swift in Sources */,
				816134FA1E9983BB008CD138 /* ViewController2.swift in Sources */,
			);
			runOnlyForDeploymentPostprocessing = 0;
		};
		81822ACD1E871E6100AA07D3 /* Sources */ = {
			isa = PBXSourcesBuildPhase;
			buildActionMask = 2147483647;
			files = (
				81822AD61E871E6100AA07D3 /* MiprimerproyectoTests.swift in Sources */,
			);
			runOnlyForDeploymentPostprocessing = 0;
		};
		81822AD81E871E6100AA07D3 /* Sources */ = {
			isa = PBXSourcesBuildPhase;
			buildActionMask = 2147483647;
			files = (
				81822AE11E871E6100AA07D3 /* MiprimerproyectoUITests.swift in Sources */,
			);
			runOnlyForDeploymentPostprocessing = 0;
		};
/* End PBXSourcesBuildPhase section */

/* Begin PBXTargetDependency section */
		81822AD31E871E6100AA07D3 /* PBXTargetDependency */ = {
			isa = PBXTargetDependency;
			target = 81822ABC1E871E5F00AA07D3 /* Miprimerproyecto */;
			targetProxy = 81822AD21E871E6100AA07D3 /* PBXContainerItemProxy */;
		};
		81822ADE1E871E6100AA07D3 /* PBXTargetDependency */ = {
			isa = PBXTargetDependency;
			target = 81822ABC1E871E5F00AA07D3 /* Miprimerproyecto */;
			targetProxy = 81822ADD1E871E6100AA07D3 /* PBXContainerItemProxy */;
		};
/* End PBXTargetDependency section */

/* Begin PBXVariantGroup section */
		81822AC41E871E6000AA07D3 /* Main.storyboard */ = {
			isa = PBXVariantGroup;
			children = (
				81822AC51E871E6000AA07D3 /* Base */,
			);
			name = Main.storyboard;
			sourceTree = "<group>";
		};
		81822AC91E871E6100AA07D3 /* LaunchScreen.storyboard */ = {
			isa = PBXVariantGroup;
			children = (
				81822ACA1E871E6100AA07D3 /* Base */,
			);
			name = LaunchScreen.storyboard;
			sourceTree = "<group>";
		};
/* End PBXVariantGroup section */

/* Begin XCBuildConfiguration section */
		81822AE31E871E6100AA07D3 /* Debug */ = {
			isa = XCBuildConfiguration;
			buildSettings = {
				ALWAYS_SEARCH_USER_PATHS = NO;
				CLANG_ANALYZER_NONNULL = YES;
				CLANG_CXX_LANGUAGE_STANDARD = "gnu++0x";
				CLANG_CXX_LIBRARY = "libc++";
				CLANG_ENABLE_MODULES = YES;
				CLANG_ENABLE_OBJC_ARC = YES;
				CLANG_WARN_BOOL_CONVERSION = YES;
				CLANG_WARN_CONSTANT_CONVERSION = YES;
				CLANG_WARN_DIRECT_OBJC_ISA_USAGE = YES_ERROR;
				CLANG_WARN_DOCUMENTATION_COMMENTS = YES;
				CLANG_WARN_EMPTY_BODY = YES;
				CLANG_WARN_ENUM_CONVERSION = YES;
				CLANG_WARN_INFINITE_RECURSION = YES;
				CLANG_WARN_INT_CONVERSION = YES;
				CLANG_WARN_OBJC_ROOT_CLASS = YES_ERROR;
				CLANG_WARN_SUSPICIOUS_MOVES = YES;
				CLANG_WARN_UNREACHABLE_CODE = YES;
				CLANG_WARN__DUPLICATE_METHOD_MATCH = YES;
				"CODE_SIGN_IDENTITY[sdk=iphoneos*]" = "iPhone Developer";
				COPY_PHASE_STRIP = NO;
				DEBUG_INFORMATION_FORMAT = dwarf;
				ENABLE_STRICT_OBJC_MSGSEND = YES;
				ENABLE_TESTABILITY = YES;
				GCC_C_LANGUAGE_STANDARD = gnu99;
				GCC_DYNAMIC_NO_PIC = NO;
				GCC_NO_COMMON_BLOCKS = YES;
				GCC_OPTIMIZATION_LEVEL = 0;
				GCC_PREPROCESSOR_DEFINITIONS = (
					"DEBUG=1",
					"$(inherited)",
				);
				GCC_WARN_64_TO_32_BIT_CONVERSION = YES;
				GCC_WARN_ABOUT_RETURN_TYPE = YES_ERROR;
				GCC_WARN_UNDECLARED_SELECTOR = YES;
				GCC_WARN_UNINITIALIZED_AUTOS = YES_AGGRESSIVE;
				GCC_WARN_UNUSED_FUNCTION = YES;
				GCC_WARN_UNUSED_VARIABLE = YES;
				IPHONEOS_DEPLOYMENT_TARGET = 10.0;
				MTL_ENABLE_DEBUG_INFO = YES;
				ONLY_ACTIVE_ARCH = YES;
				SDKROOT = iphoneos;
				SWIFT_ACTIVE_COMPILATION_CONDITIONS = DEBUG;
				SWIFT_OPTIMIZATION_LEVEL = "-Onone";
				TARGETED_DEVICE_FAMILY = "1,2";
			};
			name = Debug;
		};
		81822AE41E871E6100AA07D3 /* Release */ = {
			isa = XCBuildConfiguration;
			buildSettings = {
				ALWAYS_SEARCH_USER_PATHS = NO;
				CLANG_ANALYZER_NONNULL = YES;
				CLANG_CXX_LANGUAGE_STANDARD = "gnu++0x";
				CLANG_CXX_LIBRARY = "libc++";
				CLANG_ENABLE_MODULES = YES;
				CLANG_ENABLE_OBJC_ARC = YES;
				CLANG_WARN_BOOL_CONVERSION = YES;
				CLANG_WARN_CONSTANT_CONVERSION = YES;
				CLANG_WARN_DIRECT_OBJC_ISA_USAGE = YES_ERROR;
				CLANG_WARN_DOCUMENTATION_COMMENTS = YES;
				CLANG_WARN_EMPTY_BODY = YES;
				CLANG_WARN_ENUM_CONVERSION = YES;
				CLANG_WARN_INFINITE_RECURSION = YES;
				CLANG_WARN_INT_CONVERSION = YES;
				CLANG_WARN_OBJC_ROOT_CLASS = YES_ERROR;
				CLANG_WARN_SUSPICIOUS_MOVES = YES;
				CLANG_WARN_UNREACHABLE_CODE = YES;
				CLANG_WARN__DUPLICATE_METHOD_MATCH = YES;
				"CODE_SIGN_IDENTITY[sdk=iphoneos*]" = "iPhone Developer";
				COPY_PHASE_STRIP = NO;
				DEBUG_INFORMATION_FORMAT = "dwarf-with-dsym";
				ENABLE_NS_ASSERTIONS = NO;
				ENABLE_STRICT_OBJC_MSGSEND = YES;
				GCC_C_LANGUAGE_STANDARD = gnu99;
				GCC_NO_COMMON_BLOCKS = YES;
				GCC_WARN_64_TO_32_BIT_CONVERSION = YES;
				GCC_WARN_ABOUT_RETURN_TYPE = YES_ERROR;
				GCC_WARN_UNDECLARED_SELECTOR = YES;
				GCC_WARN_UNINITIALIZED_AUTOS = YES_AGGRESSIVE;
				GCC_WARN_UNUSED_FUNCTION = YES;
				GCC_WARN_UNUSED_VARIABLE = YES;
				IPHONEOS_DEPLOYMENT_TARGET = 10.0;
				MTL_ENABLE_DEBUG_INFO = NO;
				SDKROOT = iphoneos;
				SWIFT_OPTIMIZATION_LEVEL = "-Owholemodule";
				TARGETED_DEVICE_FAMILY = "1,2";
				VALIDATE_PRODUCT = YES;
			};
			name = Release;
		};
		81822AE61E871E6100AA07D3 /* Debug */ = {
			isa = XCBuildConfiguration;
			buildSettings = {
				ASSETCATALOG_COMPILER_APPICON_NAME = AppIcon;
				INFOPLIST_FILE = Miprimerproyecto/Info.plist;
				LD_RUNPATH_SEARCH_PATHS = "$(inherited) @executable_path/Frameworks";
				PRODUCT_BUNDLE_IDENTIFIER = zo.Miprimerproyecto;
				PRODUCT_NAME = "$(TARGET_NAME)";
				SWIFT_VERSION = 3.0;
			};
			name = Debug;
		};
		81822AE71E871E6100AA07D3 /* Release */ = {
			isa = XCBuildConfiguration;
			buildSettings = {
				ASSETCATALOG_COMPILER_APPICON_NAME = AppIcon;
				INFOPLIST_FILE = Miprimerproyecto/Info.plist;
				LD_RUNPATH_SEARCH_PATHS = "$(inherited) @executable_path/Frameworks";
				PRODUCT_BUNDLE_IDENTIFIER = zo.Miprimerproyecto;
				PRODUCT_NAME = "$(TARGET_NAME)";
				SWIFT_VERSION = 3.0;
			};
			name = Release;
		};
		81822AE91E871E6100AA07D3 /* Debug */ = {
			isa = XCBuildConfiguration;
			buildSettings = {
				ALWAYS_EMBED_SWIFT_STANDARD_LIBRARIES = YES;
				BUNDLE_LOADER = "$(TEST_HOST)";
				INFOPLIST_FILE = MiprimerproyectoTests/Info.plist;
				LD_RUNPATH_SEARCH_PATHS = "$(inherited) @executable_path/Frameworks @loader_path/Frameworks";
				PRODUCT_BUNDLE_IDENTIFIER = zo.MiprimerproyectoTests;
				PRODUCT_NAME = "$(TARGET_NAME)";
				SWIFT_VERSION = 3.0;
				TEST_HOST = "$(BUILT_PRODUCTS_DIR)/Miprimerproyecto.app/Miprimerproyecto";
			};
			name = Debug;
		};
		81822AEA1E871E6100AA07D3 /* Release */ = {
			isa = XCBuildConfiguration;
			buildSettings = {
				ALWAYS_EMBED_SWIFT_STANDARD_LIBRARIES = YES;
				BUNDLE_LOADER = "$(TEST_HOST)";
				INFOPLIST_FILE = MiprimerproyectoTests/Info.plist;
				LD_RUNPATH_SEARCH_PATHS = "$(inherited) @executable_path/Frameworks @loader_path/Frameworks";
				PRODUCT_BUNDLE_IDENTIFIER = zo.MiprimerproyectoTests;
				PRODUCT_NAME = "$(TARGET_NAME)";
				SWIFT_VERSION = 3.0;
				TEST_HOST = "$(BUILT_PRODUCTS_DIR)/Miprimerproyecto.app/Miprimerproyecto";
			};
			name = Release;
		};
		81822AEC1E871E6100AA07D3 /* Debug */ = {
			isa = XCBuildConfiguration;
			buildSettings = {
				ALWAYS_EMBED_SWIFT_STANDARD_LIBRARIES = YES;
				INFOPLIST_FILE = MiprimerproyectoUITests/Info.plist;
				LD_RUNPATH_SEARCH_PATHS = "$(inherited) @executable_path/Frameworks @loader_path/Frameworks";
				PRODUCT_BUNDLE_IDENTIFIER = zo.MiprimerproyectoUITests;
				PRODUCT_NAME = "$(TARGET_NAME)";
				SWIFT_VERSION = 3.0;
				TEST_TARGET_NAME = Miprimerproyecto;
			};
			name = Debug;
		};
		81822AED1E871E6100AA07D3 /* Release */ = {
			isa = XCBuildConfiguration;
			buildSettings = {
				ALWAYS_EMBED_SWIFT_STANDARD_LIBRARIES = YES;
				INFOPLIST_FILE = MiprimerproyectoUITests/Info.plist;
				LD_RUNPATH_SEARCH_PATHS = "$(inherited) @executable_path/Frameworks @loader_path/Frameworks";
				PRODUCT_BUNDLE_IDENTIFIER = zo.MiprimerproyectoUITests;
				PRODUCT_NAME = "$(TARGET_NAME)";
				SWIFT_VERSION = 3.0;
				TEST_TARGET_NAME = Miprimerproyecto;
			};
			name = Release;
		};
/* End XCBuildConfiguration section */

/* Begin XCConfigurationList section */
		81822AB81E871E5F00AA07D3 /* Build configuration list for PBXProject "Miprimerproyecto" */ = {
			isa = XCConfigurationList;
			buildConfigurations = (
				81822AE31E871E6100AA07D3 /* Debug */,
				81822AE41E871E6100AA07D3 /* Release */,
			);
			defaultConfigurationIsVisible = 0;
			defaultConfigurationName = Release;
		};
		81822AE51E871E6100AA07D3 /* Build configuration list for PBXNativeTarget "Miprimerproyecto" */ = {
			isa = XCConfigurationList;
			buildConfigurations = (
				81822AE61E871E6100AA07D3 /* Debug */,
				81822AE71E871E6100AA07D3 /* Release */,
			);
			defaultConfigurationIsVisible = 0;
			defaultConfigurationName = Release;
		};
		81822AE81E871E6100AA07D3 /* Build configuration list for PBXNativeTarget "MiprimerproyectoTests" */ = {
			isa = XCConfigurationList;
			buildConfigurations = (
				81822AE91E871E6100AA07D3 /* Debug */,
				81822AEA1E871E6100AA07D3 /* Release */,
			);
			defaultConfigurationIsVisible = 0;
			defaultConfigurationName = Release;
		};
		81822AEB1E871E6100AA07D3 /* Build configuration list for PBXNativeTarget "MiprimerproyectoUITests" */ = {
			isa = XCConfigurationList;
			buildConfigurations = (
				81822AEC1E871E6100AA07D3 /* Debug */,
				81822AED1E871E6100AA07D3 /* Release */,
			);
			defaultConfigurationIsVisible = 0;
			defaultConfigurationName = Release;
		};
/* End XCConfigurationList section */
	};
	rootObject = 81822AB51E871E5F00AA07D3 /* Project object */;
}
